// !$*UTF8*$!
{
	archiveVersion = 1;
	classes = {
	};
	objectVersion = 56;
	objects = {

/* Begin PBXBuildFile section */
		86B16EBE2BE4A599006D8A92 /* AppDelegate.swift in Sources */ = {isa = PBXBuildFile; fileRef = 86B16EBD2BE4A599006D8A92 /* AppDelegate.swift */; };
		86B16EC02BE4A599006D8A92 /* SceneDelegate.swift in Sources */ = {isa = PBXBuildFile; fileRef = 86B16EBF2BE4A599006D8A92 /* SceneDelegate.swift */; };
		86B16EC22BE4A599006D8A92 /* CollectionViewController.swift in Sources */ = {isa = PBXBuildFile; fileRef = 86B16EC12BE4A599006D8A92 /* CollectionViewController.swift */; };
		86B16EC72BE4A599006D8A92 /* Assets.xcassets in Resources */ = {isa = PBXBuildFile; fileRef = 86B16EC62BE4A599006D8A92 /* Assets.xcassets */; };
		86B16ECA2BE4A599006D8A92 /* Base in Resources */ = {isa = PBXBuildFile; fileRef = 86B16EC92BE4A599006D8A92 /* Base */; };
		86B8B8882BEB3D740079F0C0 /* RunningShoes.swift in Sources */ = {isa = PBXBuildFile; fileRef = 86B8B8872BEB3D740079F0C0 /* RunningShoes.swift */; };
		86B8B88B2BEB6E180079F0C0 /* RunningShoesViewCell.swift in Sources */ = {isa = PBXBuildFile; fileRef = 86B8B88A2BEB6E180079F0C0 /* RunningShoesViewCell.swift */; };
		86B8B88D2BEB6E5B0079F0C0 /* DetailViewController.swift in Sources */ = {isa = PBXBuildFile; fileRef = 86B8B88C2BEB6E5B0079F0C0 /* DetailViewController.swift */; };
		86B8B88F2BEB6E870079F0C0 /* OrderModalViewController.swift in Sources */ = {isa = PBXBuildFile; fileRef = 86B8B88E2BEB6E870079F0C0 /* OrderModalViewController.swift */; };
		86B8B8952BEB724E0079F0C0 /* RunningShoesCollectionView.swift in Sources */ = {isa = PBXBuildFile; fileRef = 86B8B8942BEB724E0079F0C0 /* RunningShoesCollectionView.swift */; };
/* End PBXBuildFile section */

/* Begin PBXFileReference section */
		86B16EBA2BE4A599006D8A92 /* CollectionApp.app */ = {isa = PBXFileReference; explicitFileType = wrapper.application; includeInIndex = 0; path = CollectionApp.app; sourceTree = BUILT_PRODUCTS_DIR; };
		86B16EBD2BE4A599006D8A92 /* AppDelegate.swift */ = {isa = PBXFileReference; lastKnownFileType = sourcecode.swift; path = AppDelegate.swift; sourceTree = "<group>"; };
		86B16EBF2BE4A599006D8A92 /* SceneDelegate.swift */ = {isa = PBXFileReference; lastKnownFileType = sourcecode.swift; path = SceneDelegate.swift; sourceTree = "<group>"; };
		86B16EC12BE4A599006D8A92 /* CollectionViewController.swift */ = {isa = PBXFileReference; lastKnownFileType = sourcecode.swift; path = CollectionViewController.swift; sourceTree = "<group>"; };
		86B16EC62BE4A599006D8A92 /* Assets.xcassets */ = {isa = PBXFileReference; lastKnownFileType = folder.assetcatalog; path = Assets.xcassets; sourceTree = "<group>"; };
		86B16EC92BE4A599006D8A92 /* Base */ = {isa = PBXFileReference; lastKnownFileType = file.storyboard; name = Base; path = Base.lproj/LaunchScreen.storyboard; sourceTree = "<group>"; };
		86B16ECB2BE4A599006D8A92 /* Info.plist */ = {isa = PBXFileReference; lastKnownFileType = text.plist.xml; path = Info.plist; sourceTree = "<group>"; };
		86B8B8872BEB3D740079F0C0 /* RunningShoes.swift */ = {isa = PBXFileReference; lastKnownFileType = sourcecode.swift; path = RunningShoes.swift; sourceTree = "<group>"; };
		86B8B88A2BEB6E180079F0C0 /* RunningShoesViewCell.swift */ = {isa = PBXFileReference; lastKnownFileType = sourcecode.swift; path = RunningShoesViewCell.swift; sourceTree = "<group>"; };
		86B8B88C2BEB6E5B0079F0C0 /* DetailViewController.swift */ = {isa = PBXFileReference; lastKnownFileType = sourcecode.swift; path = DetailViewController.swift; sourceTree = "<group>"; };
		86B8B88E2BEB6E870079F0C0 /* OrderModalViewController.swift */ = {isa = PBXFileReference; lastKnownFileType = sourcecode.swift; path = OrderModalViewController.swift; sourceTree = "<group>"; };
		86B8B8942BEB724E0079F0C0 /* RunningShoesCollectionView.swift */ = {isa = PBXFileReference; lastKnownFileType = sourcecode.swift; path = RunningShoesCollectionView.swift; sourceTree = "<group>"; };
/* End PBXFileReference section */

/* Begin PBXFrameworksBuildPhase section */
		86B16EB72BE4A599006D8A92 /* Frameworks */ = {
			isa = PBXFrameworksBuildPhase;
			buildActionMask = 2147483647;
			files = (
			);
			runOnlyForDeploymentPostprocessing = 0;
		};
/* End PBXFrameworksBuildPhase section */

/* Begin PBXGroup section */
		86B16EB12BE4A599006D8A92 = {
			isa = PBXGroup;
			children = (
				86B16EBC2BE4A599006D8A92 /* CollectionApp */,
				86B16EBB2BE4A599006D8A92 /* Products */,
			);
			sourceTree = "<group>";
		};
		86B16EBB2BE4A599006D8A92 /* Products */ = {
			isa = PBXGroup;
			children = (
				86B16EBA2BE4A599006D8A92 /* CollectionApp.app */,
			);
			name = Products;
			sourceTree = "<group>";
		};
		86B16EBC2BE4A599006D8A92 /* CollectionApp */ = {
			isa = PBXGroup;
			children = (
				86B8B8912BEB703B0079F0C0 /* App */,
				86B8B8902BEB702F0079F0C0 /* Controller */,
				86B8B8932BEB72140079F0C0 /* View */,
				86B8B8892BEB3F490079F0C0 /* Model */,
				86B8B8922BEB70530079F0C0 /* Resources */,
				86B16ECB2BE4A599006D8A92 /* Info.plist */,
			);
			path = CollectionApp;
			sourceTree = "<group>";
		};
		86B8B8892BEB3F490079F0C0 /* Model */ = {
			isa = PBXGroup;
			children = (
				86B8B8872BEB3D740079F0C0 /* RunningShoes.swift */,
			);
			path = Model;
			sourceTree = "<group>";
		};
		86B8B8902BEB702F0079F0C0 /* Controller */ = {
			isa = PBXGroup;
			children = (
				86B16EC12BE4A599006D8A92 /* CollectionViewController.swift */,
				86B8B88C2BEB6E5B0079F0C0 /* DetailViewController.swift */,
				86B8B88E2BEB6E870079F0C0 /* OrderModalViewController.swift */,
			);
			path = Controller;
			sourceTree = "<group>";
		};
		86B8B8912BEB703B0079F0C0 /* App */ = {
			isa = PBXGroup;
			children = (
				86B16EBD2BE4A599006D8A92 /* AppDelegate.swift */,
				86B16EBF2BE4A599006D8A92 /* SceneDelegate.swift */,
			);
			path = App;
			sourceTree = "<group>";
		};
		86B8B8922BEB70530079F0C0 /* Resources */ = {
			isa = PBXGroup;
			children = (
				86B16EC62BE4A599006D8A92 /* Assets.xcassets */,
				86B16EC82BE4A599006D8A92 /* LaunchScreen.storyboard */,
			);
			path = Resources;
			sourceTree = "<group>";
		};
		86B8B8932BEB72140079F0C0 /* View */ = {
			isa = PBXGroup;
			children = (
				86B8B8942BEB724E0079F0C0 /* RunningShoesCollectionView.swift */,
				86B8B88A2BEB6E180079F0C0 /* RunningShoesViewCell.swift */,
			);
			path = View;
			sourceTree = "<group>";
		};
/* End PBXGroup section */

/* Begin PBXNativeTarget section */
		86B16EB92BE4A599006D8A92 /* CollectionApp */ = {
			isa = PBXNativeTarget;
			buildConfigurationList = 86B16ECE2BE4A599006D8A92 /* Build configuration list for PBXNativeTarget "CollectionApp" */;
			buildPhases = (
				86B16EB62BE4A599006D8A92 /* Sources */,
				86B16EB72BE4A599006D8A92 /* Frameworks */,
				86B16EB82BE4A599006D8A92 /* Resources */,
			);
			buildRules = (
			);
			dependencies = (
			);
			name = CollectionApp;
			productName = CollectionApp;
			productReference = 86B16EBA2BE4A599006D8A92 /* CollectionApp.app */;
			productType = "com.apple.product-type.application";
		};
/* End PBXNativeTarget section */

/* Begin PBXProject section */
		86B16EB22BE4A599006D8A92 /* Project object */ = {
			isa = PBXProject;
			attributes = {
				BuildIndependentTargetsInParallel = 1;
				LastSwiftUpdateCheck = 1530;
				LastUpgradeCheck = 1530;
				TargetAttributes = {
					86B16EB92BE4A599006D8A92 = {
						CreatedOnToolsVersion = 15.3;
					};
				};
			};
			buildConfigurationList = 86B16EB52BE4A599006D8A92 /* Build configuration list for PBXProject "CollectionApp" */;
			compatibilityVersion = "Xcode 14.0";
			developmentRegion = en;
			hasScannedForEncodings = 0;
			knownRegions = (
				en,
				Base,
			);
			mainGroup = 86B16EB12BE4A599006D8A92;
			productRefGroup = 86B16EBB2BE4A599006D8A92 /* Products */;
			projectDirPath = "";
			projectRoot = "";
			targets = (
				86B16EB92BE4A599006D8A92 /* CollectionApp */,
			);
		};
/* End PBXProject section */

/* Begin PBXResourcesBuildPhase section */
		86B16EB82BE4A599006D8A92 /* Resources */ = {
			isa = PBXResourcesBuildPhase;
			buildActionMask = 2147483647;
			files = (
				86B16EC72BE4A599006D8A92 /* Assets.xcassets in Resources */,
				86B16ECA2BE4A599006D8A92 /* Base in Resources */,
			);
			runOnlyForDeploymentPostprocessing = 0;
		};
/* End PBXResourcesBuildPhase section */

/* Begin PBXSourcesBuildPhase section */
		86B16EB62BE4A599006D8A92 /* Sources */ = {
			isa = PBXSourcesBuildPhase;
			buildActionMask = 2147483647;
			files = (
				86B8B8882BEB3D740079F0C0 /* RunningShoes.swift in Sources */,
				86B16EC22BE4A599006D8A92 /* CollectionViewController.swift in Sources */,
				86B8B8952BEB724E0079F0C0 /* RunningShoesCollectionView.swift in Sources */,
				86B8B88D2BEB6E5B0079F0C0 /* DetailViewController.swift in Sources */,
				86B8B88B2BEB6E180079F0C0 /* RunningShoesViewCell.swift in Sources */,
				86B16EBE2BE4A599006D8A92 /* AppDelegate.swift in Sources */,
				86B8B88F2BEB6E870079F0C0 /* OrderModalViewController.swift in Sources */,
				86B16EC02BE4A599006D8A92 /* SceneDelegate.swift in Sources */,
			);
			runOnlyForDeploymentPostprocessing = 0;
		};
/* End PBXSourcesBuildPhase section */

/* Begin PBXVariantGroup section */
		86B16EC82BE4A599006D8A92 /* LaunchScreen.storyboard */ = {
			isa = PBXVariantGroup;
			children = (
				86B16EC92BE4A599006D8A92 /* Base */,
			);
			name = LaunchScreen.storyboard;
			sourceTree = "<group>";
		};
/* End PBXVariantGroup section */

/* Begin XCBuildConfiguration section */
		86B16ECC2BE4A599006D8A92 /* Debug */ = {
			isa = XCBuildConfiguration;
			buildSettings = {
				ALWAYS_SEARCH_USER_PATHS = NO;
				ASSETCATALOG_COMPILER_GENERATE_SWIFT_ASSET_SYMBOL_EXTENSIONS = YES;
				CLANG_ANALYZER_NONNULL = YES;
				CLANG_ANALYZER_NUMBER_OBJECT_CONVERSION = YES_AGGRESSIVE;
				CLANG_CXX_LANGUAGE_STANDARD = "gnu++20";
				CLANG_ENABLE_MODULES = YES;
				CLANG_ENABLE_OBJC_ARC = YES;
				CLANG_ENABLE_OBJC_WEAK = YES;
				CLANG_WARN_BLOCK_CAPTURE_AUTORELEASING = YES;
				CLANG_WARN_BOOL_CONVERSION = YES;
				CLANG_WARN_COMMA = YES;
				CLANG_WARN_CONSTANT_CONVERSION = YES;
				CLANG_WARN_DEPRECATED_OBJC_IMPLEMENTATIONS = YES;
				CLANG_WARN_DIRECT_OBJC_ISA_USAGE = YES_ERROR;
				CLANG_WARN_DOCUMENTATION_COMMENTS = YES;
				CLANG_WARN_EMPTY_BODY = YES;
				CLANG_WARN_ENUM_CONVERSION = YES;
				CLANG_WARN_INFINITE_RECURSION = YES;
				CLANG_WARN_INT_CONVERSION = YES;
				CLANG_WARN_NON_LITERAL_NULL_CONVERSION = YES;
				CLANG_WARN_OBJC_IMPLICIT_RETAIN_SELF = YES;
				CLANG_WARN_OBJC_LITERAL_CONVERSION = YES;
				CLANG_WARN_OBJC_ROOT_CLASS = YES_ERROR;
				CLANG_WARN_QUOTED_INCLUDE_IN_FRAMEWORK_HEADER = YES;
				CLANG_WARN_RANGE_LOOP_ANALYSIS = YES;
				CLANG_WARN_STRICT_PROTOTYPES = YES;
				CLANG_WARN_SUSPICIOUS_MOVE = YES;
				CLANG_WARN_UNGUARDED_AVAILABILITY = YES_AGGRESSIVE;
				CLANG_WARN_UNREACHABLE_CODE = YES;
				CLANG_WARN__DUPLICATE_METHOD_MATCH = YES;
				COPY_PHASE_STRIP = NO;
				DEBUG_INFORMATION_FORMAT = dwarf;
				ENABLE_STRICT_OBJC_MSGSEND = YES;
				ENABLE_TESTABILITY = YES;
				ENABLE_USER_SCRIPT_SANDBOXING = YES;
				GCC_C_LANGUAGE_STANDARD = gnu17;
				GCC_DYNAMIC_NO_PIC = NO;
				GCC_NO_COMMON_BLOCKS = YES;
				GCC_OPTIMIZATION_LEVEL = 0;
				GCC_PREPROCESSOR_DEFINITIONS = (
					"DEBUG=1",
					"$(inherited)",
				);
				GCC_WARN_64_TO_32_BIT_CONVERSION = YES;
				GCC_WARN_ABOUT_RETURN_TYPE = YES_ERROR;
				GCC_WARN_UNDECLARED_SELECTOR = YES;
				GCC_WARN_UNINITIALIZED_AUTOS = YES_AGGRESSIVE;
				GCC_WARN_UNUSED_FUNCTION = YES;
				GCC_WARN_UNUSED_VARIABLE = YES;
				IPHONEOS_DEPLOYMENT_TARGET = 17.4;
				LOCALIZATION_PREFERS_STRING_CATALOGS = YES;
				MTL_ENABLE_DEBUG_INFO = INCLUDE_SOURCE;
				MTL_FAST_MATH = YES;
				ONLY_ACTIVE_ARCH = YES;
				SDKROOT = iphoneos;
				SWIFT_ACTIVE_COMPILATION_CONDITIONS = "DEBUG $(inherited)";
				SWIFT_OPTIMIZATION_LEVEL = "-Onone";
			};
			name = Debug;
		};
		86B16ECD2BE4A599006D8A92 /* Release */ = {
			isa = XCBuildConfiguration;
			buildSettings = {
				ALWAYS_SEARCH_USER_PATHS = NO;
				ASSETCATALOG_COMPILER_GENERATE_SWIFT_ASSET_SYMBOL_EXTENSIONS = YES;
				CLANG_ANALYZER_NONNULL = YES;
				CLANG_ANALYZER_NUMBER_OBJECT_CONVERSION = YES_AGGRESSIVE;
				CLANG_CXX_LANGUAGE_STANDARD = "gnu++20";
				CLANG_ENABLE_MODULES = YES;
				CLANG_ENABLE_OBJC_ARC = YES;
				CLANG_ENABLE_OBJC_WEAK = YES;
				CLANG_WARN_BLOCK_CAPTURE_AUTORELEASING = YES;
				CLANG_WARN_BOOL_CONVERSION = YES;
				CLANG_WARN_COMMA = YES;
				CLANG_WARN_CONSTANT_CONVERSION = YES;
				CLANG_WARN_DEPRECATED_OBJC_IMPLEMENTATIONS = YES;
				CLANG_WARN_DIRECT_OBJC_ISA_USAGE = YES_ERROR;
				CLANG_WARN_DOCUMENTATION_COMMENTS = YES;
				CLANG_WARN_EMPTY_BODY = YES;
				CLANG_WARN_ENUM_CONVERSION = YES;
				CLANG_WARN_INFINITE_RECURSION = YES;
				CLANG_WARN_INT_CONVERSION = YES;
				CLANG_WARN_NON_LITERAL_NULL_CONVERSION = YES;
				CLANG_WARN_OBJC_IMPLICIT_RETAIN_SELF = YES;
				CLANG_WARN_OBJC_LITERAL_CONVERSION = YES;
				CLANG_WARN_OBJC_ROOT_CLASS = YES_ERROR;
				CLANG_WARN_QUOTED_INCLUDE_IN_FRAMEWORK_HEADER = YES;
				CLANG_WARN_RANGE_LOOP_ANALYSIS = YES;
				CLANG_WARN_STRICT_PROTOTYPES = YES;
				CLANG_WARN_SUSPICIOUS_MOVE = YES;
				CLANG_WARN_UNGUARDED_AVAILABILITY = YES_AGGRESSIVE;
				CLANG_WARN_UNREACHABLE_CODE = YES;
				CLANG_WARN__DUPLICATE_METHOD_MATCH = YES;
				COPY_PHASE_STRIP = NO;
				DEBUG_INFORMATION_FORMAT = "dwarf-with-dsym";
				ENABLE_NS_ASSERTIONS = NO;
				ENABLE_STRICT_OBJC_MSGSEND = YES;
				ENABLE_USER_SCRIPT_SANDBOXING = YES;
				GCC_C_LANGUAGE_STANDARD = gnu17;
				GCC_NO_COMMON_BLOCKS = YES;
				GCC_WARN_64_TO_32_BIT_CONVERSION = YES;
				GCC_WARN_ABOUT_RETURN_TYPE = YES_ERROR;
				GCC_WARN_UNDECLARED_SELECTOR = YES;
				GCC_WARN_UNINITIALIZED_AUTOS = YES_AGGRESSIVE;
				GCC_WARN_UNUSED_FUNCTION = YES;
				GCC_WARN_UNUSED_VARIABLE = YES;
				IPHONEOS_DEPLOYMENT_TARGET = 17.4;
				LOCALIZATION_PREFERS_STRING_CATALOGS = YES;
				MTL_ENABLE_DEBUG_INFO = NO;
				MTL_FAST_MATH = YES;
				SDKROOT = iphoneos;
				SWIFT_COMPILATION_MODE = wholemodule;
				VALIDATE_PRODUCT = YES;
			};
			name = Release;
		};
		86B16ECF2BE4A599006D8A92 /* Debug */ = {
			isa = XCBuildConfiguration;
			buildSettings = {
				ASSETCATALOG_COMPILER_APPICON_NAME = AppIcon;
				ASSETCATALOG_COMPILER_GLOBAL_ACCENT_COLOR_NAME = AccentColor;
				CODE_SIGN_STYLE = Automatic;
				CURRENT_PROJECT_VERSION = 1;
				DEVELOPMENT_TEAM = 3KQ9N5F32S;
				GENERATE_INFOPLIST_FILE = YES;
				INFOPLIST_FILE = CollectionApp/Info.plist;
				INFOPLIST_KEY_CFBundleDisplayName = CollectionApp;
				INFOPLIST_KEY_UIApplicationSupportsIndirectInputEvents = YES;
				INFOPLIST_KEY_UILaunchStoryboardName = LaunchScreen;
				INFOPLIST_KEY_UISupportedInterfaceOrientations_iPad = "UIInterfaceOrientationPortrait UIInterfaceOrientationPortraitUpsideDown UIInterfaceOrientationLandscapeLeft UIInterfaceOrientationLandscapeRight";
				INFOPLIST_KEY_UISupportedInterfaceOrientations_iPhone = "UIInterfaceOrientationPortrait UIInterfaceOrientationLandscapeLeft UIInterfaceOrientationLandscapeRight";
				IPHONEOS_DEPLOYMENT_TARGET = 17.0;
				LD_RUNPATH_SEARCH_PATHS = (
					"$(inherited)",
					"@executable_path/Frameworks",
				);
				MARKETING_VERSION = 1.0;
				PRODUCT_BUNDLE_IDENTIFIER = "Aliia-Satbakova.CollectionApp";
				PRODUCT_NAME = "$(TARGET_NAME)";
				SWIFT_EMIT_LOC_STRINGS = YES;
				SWIFT_VERSION = 5.0;
				TARGETED_DEVICE_FAMILY = "1,2";
			};
			name = Debug;
		};
		86B16ED02BE4A599006D8A92 /* Release */ = {
			isa = XCBuildConfiguration;
			buildSettings = {
				ASSETCATALOG_COMPILER_APPICON_NAME = AppIcon;
				ASSETCATALOG_COMPILER_GLOBAL_ACCENT_COLOR_NAME = AccentColor;
				CODE_SIGN_STYLE = Automatic;
				CURRENT_PROJECT_VERSION = 1;
				DEVELOPMENT_TEAM = 3KQ9N5F32S;
				GENERATE_INFOPLIST_FILE = YES;
				INFOPLIST_FILE = CollectionApp/Info.plist;
				INFOPLIST_KEY_CFBundleDisplayName = CollectionApp;
				INFOPLIST_KEY_UIApplicationSupportsIndirectInputEvents = YES;
				INFOPLIST_KEY_UILaunchStoryboardName = LaunchScreen;
				INFOPLIST_KEY_UISupportedInterfaceOrientations_iPad = "UIInterfaceOrientationPortrait UIInterfaceOrientationPortraitUpsideDown UIInterfaceOrientationLandscapeLeft UIInterfaceOrientationLandscapeRight";
				INFOPLIST_KEY_UISupportedInterfaceOrientations_iPhone = "UIInterfaceOrientationPortrait UIInterfaceOrientationLandscapeLeft UIInterfaceOrientationLandscapeRight";
				IPHONEOS_DEPLOYMENT_TARGET = 17.0;
				LD_RUNPATH_SEARCH_PATHS = (
					"$(inherited)",
					"@executable_path/Frameworks",
				);
				MARKETING_VERSION = 1.0;
				PRODUCT_BUNDLE_IDENTIFIER = "Aliia-Satbakova.CollectionApp";
				PRODUCT_NAME = "$(TARGET_NAME)";
				SWIFT_EMIT_LOC_STRINGS = YES;
				SWIFT_VERSION = 5.0;
				TARGETED_DEVICE_FAMILY = "1,2";
			};
			name = Release;
		};
/* End XCBuildConfiguration section */

/* Begin XCConfigurationList section */
		86B16EB52BE4A599006D8A92 /* Build configuration list for PBXProject "CollectionApp" */ = {
			isa = XCConfigurationList;
			buildConfigurations = (
				86B16ECC2BE4A599006D8A92 /* Debug */,
				86B16ECD2BE4A599006D8A92 /* Release */,
			);
			defaultConfigurationIsVisible = 0;
			defaultConfigurationName = Release;
		};
		86B16ECE2BE4A599006D8A92 /* Build configuration list for PBXNativeTarget "CollectionApp" */ = {
			isa = XCConfigurationList;
			buildConfigurations = (
				86B16ECF2BE4A599006D8A92 /* Debug */,
				86B16ED02BE4A599006D8A92 /* Release */,
			);
			defaultConfigurationIsVisible = 0;
			defaultConfigurationName = Release;
		};
/* End XCConfigurationList section */
	};
	rootObject = 86B16EB22BE4A599006D8A92 /* Project object */;
}
