// !$*UTF8*$!
{
	archiveVersion = 1;
	classes = {
	};
	objectVersion = 56;
	objects = {

/* Begin PBXBuildFile section */
		865CD7E92C06F8D700D7E9C6 /* AppDelegate.swift in Sources */ = {isa = PBXBuildFile; fileRef = 865CD7E82C06F8D700D7E9C6 /* AppDelegate.swift */; };
		865CD7EB2C06F8D700D7E9C6 /* SceneDelegate.swift in Sources */ = {isa = PBXBuildFile; fileRef = 865CD7EA2C06F8D700D7E9C6 /* SceneDelegate.swift */; };
		865CD7ED2C06F8D700D7E9C6 /* ImageListViewController.swift in Sources */ = {isa = PBXBuildFile; fileRef = 865CD7EC2C06F8D700D7E9C6 /* ImageListViewController.swift */; };
		865CD7F22C06F8D900D7E9C6 /* Assets.xcassets in Resources */ = {isa = PBXBuildFile; fileRef = 865CD7F12C06F8D900D7E9C6 /* Assets.xcassets */; };
		865CD7F52C06F8D900D7E9C6 /* Base in Resources */ = {isa = PBXBuildFile; fileRef = 865CD7F42C06F8D900D7E9C6 /* Base */; };
		865CD8022C09A28B00D7E9C6 /* APIManager.swift in Sources */ = {isa = PBXBuildFile; fileRef = 865CD8012C09A28B00D7E9C6 /* APIManager.swift */; };
		865CD8042C09A2EB00D7E9C6 /* ImageLoader.swift in Sources */ = {isa = PBXBuildFile; fileRef = 865CD8032C09A2EB00D7E9C6 /* ImageLoader.swift */; };
		865CD8072C09A85C00D7E9C6 /* Photo.swift in Sources */ = {isa = PBXBuildFile; fileRef = 865CD8062C09A85C00D7E9C6 /* Photo.swift */; };
		865CD80B2C0C376A00D7E9C6 /* IImageLoaderDelegate.swift in Sources */ = {isa = PBXBuildFile; fileRef = 865CD80A2C0C376A00D7E9C6 /* IImageLoaderDelegate.swift */; };
		865CD80D2C0C3B4200D7E9C6 /* Presenter.swift in Sources */ = {isa = PBXBuildFile; fileRef = 865CD80C2C0C3B4200D7E9C6 /* Presenter.swift */; };
		865CD8112C0D7F4A00D7E9C6 /* ImageListViewCell.swift in Sources */ = {isa = PBXBuildFile; fileRef = 865CD8102C0D7F4A00D7E9C6 /* ImageListViewCell.swift */; };
		865CD8132C0D7F5A00D7E9C6 /* ImageListView.swift in Sources */ = {isa = PBXBuildFile; fileRef = 865CD8122C0D7F5A00D7E9C6 /* ImageListView.swift */; };
		865CD8152C0D80DE00D7E9C6 /* Colour.swift in Sources */ = {isa = PBXBuildFile; fileRef = 865CD8142C0D80DE00D7E9C6 /* Colour.swift */; };
		865CD8182C0D9B5300D7E9C6 /* NetworkError.swift in Sources */ = {isa = PBXBuildFile; fileRef = 865CD8172C0D9B5300D7E9C6 /* NetworkError.swift */; };
		865CD81A2C0DCCF600D7E9C6 /* TextData.swift in Sources */ = {isa = PBXBuildFile; fileRef = 865CD8192C0DCCF600D7E9C6 /* TextData.swift */; };
/* End PBXBuildFile section */

/* Begin PBXFileReference section */
		865CD7E52C06F8D700D7E9C6 /* HW7.app */ = {isa = PBXFileReference; explicitFileType = wrapper.application; includeInIndex = 0; path = HW7.app; sourceTree = BUILT_PRODUCTS_DIR; };
		865CD7E82C06F8D700D7E9C6 /* AppDelegate.swift */ = {isa = PBXFileReference; lastKnownFileType = sourcecode.swift; path = AppDelegate.swift; sourceTree = "<group>"; };
		865CD7EA2C06F8D700D7E9C6 /* SceneDelegate.swift */ = {isa = PBXFileReference; lastKnownFileType = sourcecode.swift; path = SceneDelegate.swift; sourceTree = "<group>"; };
		865CD7EC2C06F8D700D7E9C6 /* ImageListViewController.swift */ = {isa = PBXFileReference; lastKnownFileType = sourcecode.swift; path = ImageListViewController.swift; sourceTree = "<group>"; };
		865CD7F12C06F8D900D7E9C6 /* Assets.xcassets */ = {isa = PBXFileReference; lastKnownFileType = folder.assetcatalog; path = Assets.xcassets; sourceTree = "<group>"; };
		865CD7F42C06F8D900D7E9C6 /* Base */ = {isa = PBXFileReference; lastKnownFileType = file.storyboard; name = Base; path = Base.lproj/LaunchScreen.storyboard; sourceTree = "<group>"; };
		865CD7F62C06F8D900D7E9C6 /* Info.plist */ = {isa = PBXFileReference; lastKnownFileType = text.plist.xml; path = Info.plist; sourceTree = "<group>"; };
		865CD8012C09A28B00D7E9C6 /* APIManager.swift */ = {isa = PBXFileReference; lastKnownFileType = sourcecode.swift; path = APIManager.swift; sourceTree = "<group>"; };
		865CD8032C09A2EB00D7E9C6 /* ImageLoader.swift */ = {isa = PBXFileReference; lastKnownFileType = sourcecode.swift; path = ImageLoader.swift; sourceTree = "<group>"; };
		865CD8062C09A85C00D7E9C6 /* Photo.swift */ = {isa = PBXFileReference; lastKnownFileType = sourcecode.swift; path = Photo.swift; sourceTree = "<group>"; };
		865CD80A2C0C376A00D7E9C6 /* IImageLoaderDelegate.swift */ = {isa = PBXFileReference; lastKnownFileType = sourcecode.swift; path = IImageLoaderDelegate.swift; sourceTree = "<group>"; };
		865CD80C2C0C3B4200D7E9C6 /* Presenter.swift */ = {isa = PBXFileReference; lastKnownFileType = sourcecode.swift; path = Presenter.swift; sourceTree = "<group>"; };
		865CD8102C0D7F4A00D7E9C6 /* ImageListViewCell.swift */ = {isa = PBXFileReference; lastKnownFileType = sourcecode.swift; path = ImageListViewCell.swift; sourceTree = "<group>"; };
		865CD8122C0D7F5A00D7E9C6 /* ImageListView.swift */ = {isa = PBXFileReference; lastKnownFileType = sourcecode.swift; path = ImageListView.swift; sourceTree = "<group>"; };
		865CD8142C0D80DE00D7E9C6 /* Colour.swift */ = {isa = PBXFileReference; lastKnownFileType = sourcecode.swift; path = Colour.swift; sourceTree = "<group>"; };
		865CD8172C0D9B5300D7E9C6 /* NetworkError.swift */ = {isa = PBXFileReference; lastKnownFileType = sourcecode.swift; path = NetworkError.swift; sourceTree = "<group>"; };
		865CD8192C0DCCF600D7E9C6 /* TextData.swift */ = {isa = PBXFileReference; lastKnownFileType = sourcecode.swift; path = TextData.swift; sourceTree = "<group>"; };
/* End PBXFileReference section */

/* Begin PBXFrameworksBuildPhase section */
		865CD7E22C06F8D700D7E9C6 /* Frameworks */ = {
			isa = PBXFrameworksBuildPhase;
			buildActionMask = 2147483647;
			files = (
			);
			runOnlyForDeploymentPostprocessing = 0;
		};
/* End PBXFrameworksBuildPhase section */

/* Begin PBXGroup section */
		865CD7DC2C06F8D700D7E9C6 = {
			isa = PBXGroup;
			children = (
				865CD7E72C06F8D700D7E9C6 /* HW7 */,
				865CD7E62C06F8D700D7E9C6 /* Products */,
			);
			sourceTree = "<group>";
		};
		865CD7E62C06F8D700D7E9C6 /* Products */ = {
			isa = PBXGroup;
			children = (
				865CD7E52C06F8D700D7E9C6 /* HW7.app */,
			);
			name = Products;
			sourceTree = "<group>";
		};
		865CD7E72C06F8D700D7E9C6 /* HW7 */ = {
			isa = PBXGroup;
			children = (
				865CD7FC2C0740E200D7E9C6 /* App */,
				865CD8162C0D80FB00D7E9C6 /* Constants */,
				865CD8002C09A26E00D7E9C6 /* Model */,
				865CD7FD2C0740E900D7E9C6 /* View */,
				865CD8092C0B0B1D00D7E9C6 /* Presenter */,
				865CD80E2C0C443F00D7E9C6 /* Resources */,
				865CD80F2C0C444D00D7E9C6 /* Base */,
				865CD7F62C06F8D900D7E9C6 /* Info.plist */,
			);
			path = HW7;
			sourceTree = "<group>";
		};
		865CD7FC2C0740E200D7E9C6 /* App */ = {
			isa = PBXGroup;
			children = (
				865CD7E82C06F8D700D7E9C6 /* AppDelegate.swift */,
				865CD7EA2C06F8D700D7E9C6 /* SceneDelegate.swift */,
			);
			path = App;
			sourceTree = "<group>";
		};
		865CD7FD2C0740E900D7E9C6 /* View */ = {
			isa = PBXGroup;
			children = (
				865CD7EC2C06F8D700D7E9C6 /* ImageListViewController.swift */,
				865CD8122C0D7F5A00D7E9C6 /* ImageListView.swift */,
				865CD8102C0D7F4A00D7E9C6 /* ImageListViewCell.swift */,
			);
			path = View;
			sourceTree = "<group>";
		};
		865CD8002C09A26E00D7E9C6 /* Model */ = {
			isa = PBXGroup;
			children = (
				865CD8062C09A85C00D7E9C6 /* Photo.swift */,
				865CD8012C09A28B00D7E9C6 /* APIManager.swift */,
				865CD80A2C0C376A00D7E9C6 /* IImageLoaderDelegate.swift */,
				865CD8032C09A2EB00D7E9C6 /* ImageLoader.swift */,
			);
			path = Model;
			sourceTree = "<group>";
		};
		865CD8092C0B0B1D00D7E9C6 /* Presenter */ = {
			isa = PBXGroup;
			children = (
				865CD80C2C0C3B4200D7E9C6 /* Presenter.swift */,
			);
			path = Presenter;
			sourceTree = "<group>";
		};
		865CD80E2C0C443F00D7E9C6 /* Resources */ = {
			isa = PBXGroup;
			children = (
				865CD7F12C06F8D900D7E9C6 /* Assets.xcassets */,
			);
			path = Resources;
			sourceTree = "<group>";
		};
		865CD80F2C0C444D00D7E9C6 /* Base */ = {
			isa = PBXGroup;
			children = (
				865CD7F32C06F8D900D7E9C6 /* LaunchScreen.storyboard */,
			);
			path = Base;
			sourceTree = "<group>";
		};
		865CD8162C0D80FB00D7E9C6 /* Constants */ = {
			isa = PBXGroup;
			children = (
				865CD8142C0D80DE00D7E9C6 /* Colour.swift */,
				865CD8192C0DCCF600D7E9C6 /* TextData.swift */,
				865CD8172C0D9B5300D7E9C6 /* NetworkError.swift */,
			);
			path = Constants;
			sourceTree = "<group>";
		};
/* End PBXGroup section */

/* Begin PBXNativeTarget section */
		865CD7E42C06F8D700D7E9C6 /* HW7 */ = {
			isa = PBXNativeTarget;
			buildConfigurationList = 865CD7F92C06F8D900D7E9C6 /* Build configuration list for PBXNativeTarget "HW7" */;
			buildPhases = (
				865CD7E12C06F8D700D7E9C6 /* Sources */,
				865CD7E22C06F8D700D7E9C6 /* Frameworks */,
				865CD7E32C06F8D700D7E9C6 /* Resources */,
			);
			buildRules = (
			);
			dependencies = (
			);
			name = HW7;
			productName = HW7;
			productReference = 865CD7E52C06F8D700D7E9C6 /* HW7.app */;
			productType = "com.apple.product-type.application";
		};
/* End PBXNativeTarget section */

/* Begin PBXProject section */
		865CD7DD2C06F8D700D7E9C6 /* Project object */ = {
			isa = PBXProject;
			attributes = {
				BuildIndependentTargetsInParallel = 1;
				LastSwiftUpdateCheck = 1540;
				LastUpgradeCheck = 1540;
				TargetAttributes = {
					865CD7E42C06F8D700D7E9C6 = {
						CreatedOnToolsVersion = 15.4;
					};
				};
			};
			buildConfigurationList = 865CD7E02C06F8D700D7E9C6 /* Build configuration list for PBXProject "HW7" */;
			compatibilityVersion = "Xcode 14.0";
			developmentRegion = en;
			hasScannedForEncodings = 0;
			knownRegions = (
				en,
				Base,
			);
			mainGroup = 865CD7DC2C06F8D700D7E9C6;
			productRefGroup = 865CD7E62C06F8D700D7E9C6 /* Products */;
			projectDirPath = "";
			projectRoot = "";
			targets = (
				865CD7E42C06F8D700D7E9C6 /* HW7 */,
			);
		};
/* End PBXProject section */

/* Begin PBXResourcesBuildPhase section */
		865CD7E32C06F8D700D7E9C6 /* Resources */ = {
			isa = PBXResourcesBuildPhase;
			buildActionMask = 2147483647;
			files = (
				865CD7F22C06F8D900D7E9C6 /* Assets.xcassets in Resources */,
				865CD7F52C06F8D900D7E9C6 /* Base in Resources */,
			);
			runOnlyForDeploymentPostprocessing = 0;
		};
/* End PBXResourcesBuildPhase section */

/* Begin PBXSourcesBuildPhase section */
		865CD7E12C06F8D700D7E9C6 /* Sources */ = {
			isa = PBXSourcesBuildPhase;
			buildActionMask = 2147483647;
			files = (
				865CD8072C09A85C00D7E9C6 /* Photo.swift in Sources */,
				865CD8182C0D9B5300D7E9C6 /* NetworkError.swift in Sources */,
				865CD7ED2C06F8D700D7E9C6 /* ImageListViewController.swift in Sources */,
				865CD80D2C0C3B4200D7E9C6 /* Presenter.swift in Sources */,
				865CD8022C09A28B00D7E9C6 /* APIManager.swift in Sources */,
				865CD8042C09A2EB00D7E9C6 /* ImageLoader.swift in Sources */,
				865CD81A2C0DCCF600D7E9C6 /* TextData.swift in Sources */,
				865CD8112C0D7F4A00D7E9C6 /* ImageListViewCell.swift in Sources */,
				865CD7E92C06F8D700D7E9C6 /* AppDelegate.swift in Sources */,
				865CD8152C0D80DE00D7E9C6 /* Colour.swift in Sources */,
				865CD80B2C0C376A00D7E9C6 /* IImageLoaderDelegate.swift in Sources */,
				865CD8132C0D7F5A00D7E9C6 /* ImageListView.swift in Sources */,
				865CD7EB2C06F8D700D7E9C6 /* SceneDelegate.swift in Sources */,
			);
			runOnlyForDeploymentPostprocessing = 0;
		};
/* End PBXSourcesBuildPhase section */

/* Begin PBXVariantGroup section */
		865CD7F32C06F8D900D7E9C6 /* LaunchScreen.storyboard */ = {
			isa = PBXVariantGroup;
			children = (
				865CD7F42C06F8D900D7E9C6 /* Base */,
			);
			name = LaunchScreen.storyboard;
			sourceTree = "<group>";
		};
/* End PBXVariantGroup section */

/* Begin XCBuildConfiguration section */
		865CD7F72C06F8D900D7E9C6 /* Debug */ = {
			isa = XCBuildConfiguration;
			buildSettings = {
				ALWAYS_SEARCH_USER_PATHS = NO;
				ASSETCATALOG_COMPILER_GENERATE_SWIFT_ASSET_SYMBOL_EXTENSIONS = YES;
				CLANG_ANALYZER_NONNULL = YES;
				CLANG_ANALYZER_NUMBER_OBJECT_CONVERSION = YES_AGGRESSIVE;
				CLANG_CXX_LANGUAGE_STANDARD = "gnu++20";
				CLANG_ENABLE_MODULES = YES;
				CLANG_ENABLE_OBJC_ARC = YES;
				CLANG_ENABLE_OBJC_WEAK = YES;
				CLANG_WARN_BLOCK_CAPTURE_AUTORELEASING = YES;
				CLANG_WARN_BOOL_CONVERSION = YES;
				CLANG_WARN_COMMA = YES;
				CLANG_WARN_CONSTANT_CONVERSION = YES;
				CLANG_WARN_DEPRECATED_OBJC_IMPLEMENTATIONS = YES;
				CLANG_WARN_DIRECT_OBJC_ISA_USAGE = YES_ERROR;
				CLANG_WARN_DOCUMENTATION_COMMENTS = YES;
				CLANG_WARN_EMPTY_BODY = YES;
				CLANG_WARN_ENUM_CONVERSION = YES;
				CLANG_WARN_INFINITE_RECURSION = YES;
				CLANG_WARN_INT_CONVERSION = YES;
				CLANG_WARN_NON_LITERAL_NULL_CONVERSION = YES;
				CLANG_WARN_OBJC_IMPLICIT_RETAIN_SELF = YES;
				CLANG_WARN_OBJC_LITERAL_CONVERSION = YES;
				CLANG_WARN_OBJC_ROOT_CLASS = YES_ERROR;
				CLANG_WARN_QUOTED_INCLUDE_IN_FRAMEWORK_HEADER = YES;
				CLANG_WARN_RANGE_LOOP_ANALYSIS = YES;
				CLANG_WARN_STRICT_PROTOTYPES = YES;
				CLANG_WARN_SUSPICIOUS_MOVE = YES;
				CLANG_WARN_UNGUARDED_AVAILABILITY = YES_AGGRESSIVE;
				CLANG_WARN_UNREACHABLE_CODE = YES;
				CLANG_WARN__DUPLICATE_METHOD_MATCH = YES;
				COPY_PHASE_STRIP = NO;
				DEBUG_INFORMATION_FORMAT = dwarf;
				ENABLE_STRICT_OBJC_MSGSEND = YES;
				ENABLE_TESTABILITY = YES;
				ENABLE_USER_SCRIPT_SANDBOXING = YES;
				GCC_C_LANGUAGE_STANDARD = gnu17;
				GCC_DYNAMIC_NO_PIC = NO;
				GCC_NO_COMMON_BLOCKS = YES;
				GCC_OPTIMIZATION_LEVEL = 0;
				GCC_PREPROCESSOR_DEFINITIONS = (
					"DEBUG=1",
					"$(inherited)",
				);
				GCC_WARN_64_TO_32_BIT_CONVERSION = YES;
				GCC_WARN_ABOUT_RETURN_TYPE = YES_ERROR;
				GCC_WARN_UNDECLARED_SELECTOR = YES;
				GCC_WARN_UNINITIALIZED_AUTOS = YES_AGGRESSIVE;
				GCC_WARN_UNUSED_FUNCTION = YES;
				GCC_WARN_UNUSED_VARIABLE = YES;
				IPHONEOS_DEPLOYMENT_TARGET = 17.5;
				LOCALIZATION_PREFERS_STRING_CATALOGS = YES;
				MTL_ENABLE_DEBUG_INFO = INCLUDE_SOURCE;
				MTL_FAST_MATH = YES;
				ONLY_ACTIVE_ARCH = YES;
				SDKROOT = iphoneos;
				SWIFT_ACTIVE_COMPILATION_CONDITIONS = "DEBUG $(inherited)";
				SWIFT_OPTIMIZATION_LEVEL = "-Onone";
			};
			name = Debug;
		};
		865CD7F82C06F8D900D7E9C6 /* Release */ = {
			isa = XCBuildConfiguration;
			buildSettings = {
				ALWAYS_SEARCH_USER_PATHS = NO;
				ASSETCATALOG_COMPILER_GENERATE_SWIFT_ASSET_SYMBOL_EXTENSIONS = YES;
				CLANG_ANALYZER_NONNULL = YES;
				CLANG_ANALYZER_NUMBER_OBJECT_CONVERSION = YES_AGGRESSIVE;
				CLANG_CXX_LANGUAGE_STANDARD = "gnu++20";
				CLANG_ENABLE_MODULES = YES;
				CLANG_ENABLE_OBJC_ARC = YES;
				CLANG_ENABLE_OBJC_WEAK = YES;
				CLANG_WARN_BLOCK_CAPTURE_AUTORELEASING = YES;
				CLANG_WARN_BOOL_CONVERSION = YES;
				CLANG_WARN_COMMA = YES;
				CLANG_WARN_CONSTANT_CONVERSION = YES;
				CLANG_WARN_DEPRECATED_OBJC_IMPLEMENTATIONS = YES;
				CLANG_WARN_DIRECT_OBJC_ISA_USAGE = YES_ERROR;
				CLANG_WARN_DOCUMENTATION_COMMENTS = YES;
				CLANG_WARN_EMPTY_BODY = YES;
				CLANG_WARN_ENUM_CONVERSION = YES;
				CLANG_WARN_INFINITE_RECURSION = YES;
				CLANG_WARN_INT_CONVERSION = YES;
				CLANG_WARN_NON_LITERAL_NULL_CONVERSION = YES;
				CLANG_WARN_OBJC_IMPLICIT_RETAIN_SELF = YES;
				CLANG_WARN_OBJC_LITERAL_CONVERSION = YES;
				CLANG_WARN_OBJC_ROOT_CLASS = YES_ERROR;
				CLANG_WARN_QUOTED_INCLUDE_IN_FRAMEWORK_HEADER = YES;
				CLANG_WARN_RANGE_LOOP_ANALYSIS = YES;
				CLANG_WARN_STRICT_PROTOTYPES = YES;
				CLANG_WARN_SUSPICIOUS_MOVE = YES;
				CLANG_WARN_UNGUARDED_AVAILABILITY = YES_AGGRESSIVE;
				CLANG_WARN_UNREACHABLE_CODE = YES;
				CLANG_WARN__DUPLICATE_METHOD_MATCH = YES;
				COPY_PHASE_STRIP = NO;
				DEBUG_INFORMATION_FORMAT = "dwarf-with-dsym";
				ENABLE_NS_ASSERTIONS = NO;
				ENABLE_STRICT_OBJC_MSGSEND = YES;
				ENABLE_USER_SCRIPT_SANDBOXING = YES;
				GCC_C_LANGUAGE_STANDARD = gnu17;
				GCC_NO_COMMON_BLOCKS = YES;
				GCC_WARN_64_TO_32_BIT_CONVERSION = YES;
				GCC_WARN_ABOUT_RETURN_TYPE = YES_ERROR;
				GCC_WARN_UNDECLARED_SELECTOR = YES;
				GCC_WARN_UNINITIALIZED_AUTOS = YES_AGGRESSIVE;
				GCC_WARN_UNUSED_FUNCTION = YES;
				GCC_WARN_UNUSED_VARIABLE = YES;
				IPHONEOS_DEPLOYMENT_TARGET = 17.5;
				LOCALIZATION_PREFERS_STRING_CATALOGS = YES;
				MTL_ENABLE_DEBUG_INFO = NO;
				MTL_FAST_MATH = YES;
				SDKROOT = iphoneos;
				SWIFT_COMPILATION_MODE = wholemodule;
				VALIDATE_PRODUCT = YES;
			};
			name = Release;
		};
		865CD7FA2C06F8D900D7E9C6 /* Debug */ = {
			isa = XCBuildConfiguration;
			buildSettings = {
				ASSETCATALOG_COMPILER_APPICON_NAME = AppIcon;
				ASSETCATALOG_COMPILER_GLOBAL_ACCENT_COLOR_NAME = AccentColor;
				CODE_SIGN_STYLE = Automatic;
				CURRENT_PROJECT_VERSION = 1;
				DEVELOPMENT_TEAM = 3KQ9N5F32S;
				GENERATE_INFOPLIST_FILE = YES;
				INFOPLIST_FILE = HW7/Info.plist;
				INFOPLIST_KEY_CFBundleDisplayName = HW7;
				INFOPLIST_KEY_UIApplicationSupportsIndirectInputEvents = YES;
				INFOPLIST_KEY_UILaunchStoryboardName = LaunchScreen;
				INFOPLIST_KEY_UISupportedInterfaceOrientations_iPad = "UIInterfaceOrientationPortrait UIInterfaceOrientationPortraitUpsideDown UIInterfaceOrientationLandscapeLeft UIInterfaceOrientationLandscapeRight";
				INFOPLIST_KEY_UISupportedInterfaceOrientations_iPhone = "UIInterfaceOrientationPortrait UIInterfaceOrientationLandscapeLeft UIInterfaceOrientationLandscapeRight";
				IPHONEOS_DEPLOYMENT_TARGET = 17.0;
				LD_RUNPATH_SEARCH_PATHS = (
					"$(inherited)",
					"@executable_path/Frameworks",
				);
				MARKETING_VERSION = 1.0;
				PRODUCT_BUNDLE_IDENTIFIER = "Aliia-Satbakova.HW7";
				PRODUCT_NAME = "$(TARGET_NAME)";
				SWIFT_EMIT_LOC_STRINGS = YES;
				SWIFT_VERSION = 5.0;
				TARGETED_DEVICE_FAMILY = "1,2";
			};
			name = Debug;
		};
		865CD7FB2C06F8D900D7E9C6 /* Release */ = {
			isa = XCBuildConfiguration;
			buildSettings = {
				ASSETCATALOG_COMPILER_APPICON_NAME = AppIcon;
				ASSETCATALOG_COMPILER_GLOBAL_ACCENT_COLOR_NAME = AccentColor;
				CODE_SIGN_STYLE = Automatic;
				CURRENT_PROJECT_VERSION = 1;
				DEVELOPMENT_TEAM = 3KQ9N5F32S;
				GENERATE_INFOPLIST_FILE = YES;
				INFOPLIST_FILE = HW7/Info.plist;
				INFOPLIST_KEY_CFBundleDisplayName = HW7;
				INFOPLIST_KEY_UIApplicationSupportsIndirectInputEvents = YES;
				INFOPLIST_KEY_UILaunchStoryboardName = LaunchScreen;
				INFOPLIST_KEY_UISupportedInterfaceOrientations_iPad = "UIInterfaceOrientationPortrait UIInterfaceOrientationPortraitUpsideDown UIInterfaceOrientationLandscapeLeft UIInterfaceOrientationLandscapeRight";
				INFOPLIST_KEY_UISupportedInterfaceOrientations_iPhone = "UIInterfaceOrientationPortrait UIInterfaceOrientationLandscapeLeft UIInterfaceOrientationLandscapeRight";
				IPHONEOS_DEPLOYMENT_TARGET = 17.0;
				LD_RUNPATH_SEARCH_PATHS = (
					"$(inherited)",
					"@executable_path/Frameworks",
				);
				MARKETING_VERSION = 1.0;
				PRODUCT_BUNDLE_IDENTIFIER = "Aliia-Satbakova.HW7";
				PRODUCT_NAME = "$(TARGET_NAME)";
				SWIFT_EMIT_LOC_STRINGS = YES;
				SWIFT_VERSION = 5.0;
				TARGETED_DEVICE_FAMILY = "1,2";
			};
			name = Release;
		};
/* End XCBuildConfiguration section */

/* Begin XCConfigurationList section */
		865CD7E02C06F8D700D7E9C6 /* Build configuration list for PBXProject "HW7" */ = {
			isa = XCConfigurationList;
			buildConfigurations = (
				865CD7F72C06F8D900D7E9C6 /* Debug */,
				865CD7F82C06F8D900D7E9C6 /* Release */,
			);
			defaultConfigurationIsVisible = 0;
			defaultConfigurationName = Release;
		};
		865CD7F92C06F8D900D7E9C6 /* Build configuration list for PBXNativeTarget "HW7" */ = {
			isa = XCConfigurationList;
			buildConfigurations = (
				865CD7FA2C06F8D900D7E9C6 /* Debug */,
				865CD7FB2C06F8D900D7E9C6 /* Release */,
			);
			defaultConfigurationIsVisible = 0;
			defaultConfigurationName = Release;
		};
/* End XCConfigurationList section */
	};
	rootObject = 865CD7DD2C06F8D700D7E9C6 /* Project object */;
}
