// !$*UTF8*$!
{
	archiveVersion = 1;
	classes = {
	};
	objectVersion = 56;
	objects = {

/* Begin PBXBuildFile section */
		86C2D9D12BDF45840073BBB3 /* AppDelegate.swift in Sources */ = {isa = PBXBuildFile; fileRef = 86C2D9D02BDF45840073BBB3 /* AppDelegate.swift */; };
		86C2D9D32BDF45840073BBB3 /* SceneDelegate.swift in Sources */ = {isa = PBXBuildFile; fileRef = 86C2D9D22BDF45840073BBB3 /* SceneDelegate.swift */; };
		86C2D9D52BDF45840073BBB3 /* ProfileViewController.swift in Sources */ = {isa = PBXBuildFile; fileRef = 86C2D9D42BDF45840073BBB3 /* ProfileViewController.swift */; };
		86C2D9D82BDF45840073BBB3 /* Base in Resources */ = {isa = PBXBuildFile; fileRef = 86C2D9D72BDF45840073BBB3 /* Base */; };
		86C2D9DA2BDF45860073BBB3 /* Assets.xcassets in Resources */ = {isa = PBXBuildFile; fileRef = 86C2D9D92BDF45860073BBB3 /* Assets.xcassets */; };
		86C2D9DD2BDF45860073BBB3 /* Base in Resources */ = {isa = PBXBuildFile; fileRef = 86C2D9DC2BDF45860073BBB3 /* Base */; };
		86C2D9E62BDF492B0073BBB3 /* TabBarController.swift in Sources */ = {isa = PBXBuildFile; fileRef = 86C2D9E52BDF492B0073BBB3 /* TabBarController.swift */; };
		86C2D9EA2BDF5ADB0073BBB3 /* Profile.swift in Sources */ = {isa = PBXBuildFile; fileRef = 86C2D9E92BDF5ADB0073BBB3 /* Profile.swift */; };
		86C2D9EC2BDF5AEE0073BBB3 /* HardSkills.swift in Sources */ = {isa = PBXBuildFile; fileRef = 86C2D9EB2BDF5AEE0073BBB3 /* HardSkills.swift */; };
		86C2D9EE2BDF5B010073BBB3 /* Hobby.swift in Sources */ = {isa = PBXBuildFile; fileRef = 86C2D9ED2BDF5B010073BBB3 /* Hobby.swift */; };
		86C2D9F12BDF5E900073BBB3 /* HardSkillsViewController.swift in Sources */ = {isa = PBXBuildFile; fileRef = 86C2D9F02BDF5E900073BBB3 /* HardSkillsViewController.swift */; };
		86C2D9F32BDF5EC10073BBB3 /* HobbyViewController.swift in Sources */ = {isa = PBXBuildFile; fileRef = 86C2D9F22BDF5EC10073BBB3 /* HobbyViewController.swift */; };
/* End PBXBuildFile section */

/* Begin PBXFileReference section */
		86C2D9CD2BDF45840073BBB3 /* HW3.app */ = {isa = PBXFileReference; explicitFileType = wrapper.application; includeInIndex = 0; path = HW3.app; sourceTree = BUILT_PRODUCTS_DIR; };
		86C2D9D02BDF45840073BBB3 /* AppDelegate.swift */ = {isa = PBXFileReference; lastKnownFileType = sourcecode.swift; path = AppDelegate.swift; sourceTree = "<group>"; };
		86C2D9D22BDF45840073BBB3 /* SceneDelegate.swift */ = {isa = PBXFileReference; lastKnownFileType = sourcecode.swift; path = SceneDelegate.swift; sourceTree = "<group>"; };
		86C2D9D42BDF45840073BBB3 /* ProfileViewController.swift */ = {isa = PBXFileReference; lastKnownFileType = sourcecode.swift; path = ProfileViewController.swift; sourceTree = "<group>"; };
		86C2D9D72BDF45840073BBB3 /* Base */ = {isa = PBXFileReference; lastKnownFileType = file.storyboard; name = Base; path = Base.lproj/Main.storyboard; sourceTree = "<group>"; };
		86C2D9D92BDF45860073BBB3 /* Assets.xcassets */ = {isa = PBXFileReference; lastKnownFileType = folder.assetcatalog; path = Assets.xcassets; sourceTree = "<group>"; };
		86C2D9DC2BDF45860073BBB3 /* Base */ = {isa = PBXFileReference; lastKnownFileType = file.storyboard; name = Base; path = Base.lproj/LaunchScreen.storyboard; sourceTree = "<group>"; };
		86C2D9DE2BDF45860073BBB3 /* Info.plist */ = {isa = PBXFileReference; lastKnownFileType = text.plist.xml; path = Info.plist; sourceTree = "<group>"; };
		86C2D9E52BDF492B0073BBB3 /* TabBarController.swift */ = {isa = PBXFileReference; lastKnownFileType = sourcecode.swift; path = TabBarController.swift; sourceTree = "<group>"; };
		86C2D9E92BDF5ADB0073BBB3 /* Profile.swift */ = {isa = PBXFileReference; lastKnownFileType = sourcecode.swift; path = Profile.swift; sourceTree = "<group>"; };
		86C2D9EB2BDF5AEE0073BBB3 /* HardSkills.swift */ = {isa = PBXFileReference; lastKnownFileType = sourcecode.swift; path = HardSkills.swift; sourceTree = "<group>"; };
		86C2D9ED2BDF5B010073BBB3 /* Hobby.swift */ = {isa = PBXFileReference; lastKnownFileType = sourcecode.swift; path = Hobby.swift; sourceTree = "<group>"; };
		86C2D9F02BDF5E900073BBB3 /* HardSkillsViewController.swift */ = {isa = PBXFileReference; lastKnownFileType = sourcecode.swift; path = HardSkillsViewController.swift; sourceTree = "<group>"; };
		86C2D9F22BDF5EC10073BBB3 /* HobbyViewController.swift */ = {isa = PBXFileReference; lastKnownFileType = sourcecode.swift; path = HobbyViewController.swift; sourceTree = "<group>"; };
/* End PBXFileReference section */

/* Begin PBXFrameworksBuildPhase section */
		86C2D9CA2BDF45840073BBB3 /* Frameworks */ = {
			isa = PBXFrameworksBuildPhase;
			buildActionMask = 2147483647;
			files = (
			);
			runOnlyForDeploymentPostprocessing = 0;
		};
/* End PBXFrameworksBuildPhase section */

/* Begin PBXGroup section */
		86C2D9C42BDF45840073BBB3 = {
			isa = PBXGroup;
			children = (
				86C2D9CF2BDF45840073BBB3 /* HW3 */,
				86C2D9CE2BDF45840073BBB3 /* Products */,
			);
			sourceTree = "<group>";
		};
		86C2D9CE2BDF45840073BBB3 /* Products */ = {
			isa = PBXGroup;
			children = (
				86C2D9CD2BDF45840073BBB3 /* HW3.app */,
			);
			name = Products;
			sourceTree = "<group>";
		};
		86C2D9CF2BDF45840073BBB3 /* HW3 */ = {
			isa = PBXGroup;
			children = (
				86C2D9E42BDF485E0073BBB3 /* App */,
				86C2D9E72BDF52BC0073BBB3 /* Controller */,
				86C2D9D62BDF45840073BBB3 /* Main.storyboard */,
				86C2D9EF2BDF5B0A0073BBB3 /* Model */,
				86C2D9E82BDF52E40073BBB3 /* Resources */,
				86C2D9DE2BDF45860073BBB3 /* Info.plist */,
			);
			path = HW3;
			sourceTree = "<group>";
		};
		86C2D9E42BDF485E0073BBB3 /* App */ = {
			isa = PBXGroup;
			children = (
				86C2D9D02BDF45840073BBB3 /* AppDelegate.swift */,
				86C2D9D22BDF45840073BBB3 /* SceneDelegate.swift */,
			);
			path = App;
			sourceTree = "<group>";
		};
		86C2D9E72BDF52BC0073BBB3 /* Controller */ = {
			isa = PBXGroup;
			children = (
				86C2D9E52BDF492B0073BBB3 /* TabBarController.swift */,
				86C2D9D42BDF45840073BBB3 /* ProfileViewController.swift */,
				86C2D9F02BDF5E900073BBB3 /* HardSkillsViewController.swift */,
				86C2D9F22BDF5EC10073BBB3 /* HobbyViewController.swift */,
			);
			path = Controller;
			sourceTree = "<group>";
		};
		86C2D9E82BDF52E40073BBB3 /* Resources */ = {
			isa = PBXGroup;
			children = (
				86C2D9D92BDF45860073BBB3 /* Assets.xcassets */,
				86C2D9DB2BDF45860073BBB3 /* LaunchScreen.storyboard */,
			);
			path = Resources;
			sourceTree = "<group>";
		};
		86C2D9EF2BDF5B0A0073BBB3 /* Model */ = {
			isa = PBXGroup;
			children = (
				86C2D9E92BDF5ADB0073BBB3 /* Profile.swift */,
				86C2D9EB2BDF5AEE0073BBB3 /* HardSkills.swift */,
				86C2D9ED2BDF5B010073BBB3 /* Hobby.swift */,
			);
			path = Model;
			sourceTree = "<group>";
		};
/* End PBXGroup section */

/* Begin PBXNativeTarget section */
		86C2D9CC2BDF45840073BBB3 /* HW3 */ = {
			isa = PBXNativeTarget;
			buildConfigurationList = 86C2D9E12BDF45860073BBB3 /* Build configuration list for PBXNativeTarget "HW3" */;
			buildPhases = (
				86C2D9C92BDF45840073BBB3 /* Sources */,
				86C2D9CA2BDF45840073BBB3 /* Frameworks */,
				86C2D9CB2BDF45840073BBB3 /* Resources */,
			);
			buildRules = (
			);
			dependencies = (
			);
			name = HW3;
			productName = HW3;
			productReference = 86C2D9CD2BDF45840073BBB3 /* HW3.app */;
			productType = "com.apple.product-type.application";
		};
/* End PBXNativeTarget section */

/* Begin PBXProject section */
		86C2D9C52BDF45840073BBB3 /* Project object */ = {
			isa = PBXProject;
			attributes = {
				BuildIndependentTargetsInParallel = 1;
				LastSwiftUpdateCheck = 1530;
				LastUpgradeCheck = 1530;
				TargetAttributes = {
					86C2D9CC2BDF45840073BBB3 = {
						CreatedOnToolsVersion = 15.3;
					};
				};
			};
			buildConfigurationList = 86C2D9C82BDF45840073BBB3 /* Build configuration list for PBXProject "HW3" */;
			compatibilityVersion = "Xcode 14.0";
			developmentRegion = en;
			hasScannedForEncodings = 0;
			knownRegions = (
				en,
				Base,
			);
			mainGroup = 86C2D9C42BDF45840073BBB3;
			productRefGroup = 86C2D9CE2BDF45840073BBB3 /* Products */;
			projectDirPath = "";
			projectRoot = "";
			targets = (
				86C2D9CC2BDF45840073BBB3 /* HW3 */,
			);
		};
/* End PBXProject section */

/* Begin PBXResourcesBuildPhase section */
		86C2D9CB2BDF45840073BBB3 /* Resources */ = {
			isa = PBXResourcesBuildPhase;
			buildActionMask = 2147483647;
			files = (
				86C2D9DA2BDF45860073BBB3 /* Assets.xcassets in Resources */,
				86C2D9DD2BDF45860073BBB3 /* Base in Resources */,
				86C2D9D82BDF45840073BBB3 /* Base in Resources */,
			);
			runOnlyForDeploymentPostprocessing = 0;
		};
/* End PBXResourcesBuildPhase section */

/* Begin PBXSourcesBuildPhase section */
		86C2D9C92BDF45840073BBB3 /* Sources */ = {
			isa = PBXSourcesBuildPhase;
			buildActionMask = 2147483647;
			files = (
				86C2D9D52BDF45840073BBB3 /* ProfileViewController.swift in Sources */,
				86C2D9F12BDF5E900073BBB3 /* HardSkillsViewController.swift in Sources */,
				86C2D9EA2BDF5ADB0073BBB3 /* Profile.swift in Sources */,
				86C2D9F32BDF5EC10073BBB3 /* HobbyViewController.swift in Sources */,
				86C2D9EE2BDF5B010073BBB3 /* Hobby.swift in Sources */,
				86C2D9E62BDF492B0073BBB3 /* TabBarController.swift in Sources */,
				86C2D9D12BDF45840073BBB3 /* AppDelegate.swift in Sources */,
				86C2D9EC2BDF5AEE0073BBB3 /* HardSkills.swift in Sources */,
				86C2D9D32BDF45840073BBB3 /* SceneDelegate.swift in Sources */,
			);
			runOnlyForDeploymentPostprocessing = 0;
		};
/* End PBXSourcesBuildPhase section */

/* Begin PBXVariantGroup section */
		86C2D9D62BDF45840073BBB3 /* Main.storyboard */ = {
			isa = PBXVariantGroup;
			children = (
				86C2D9D72BDF45840073BBB3 /* Base */,
			);
			name = Main.storyboard;
			sourceTree = "<group>";
		};
		86C2D9DB2BDF45860073BBB3 /* LaunchScreen.storyboard */ = {
			isa = PBXVariantGroup;
			children = (
				86C2D9DC2BDF45860073BBB3 /* Base */,
			);
			name = LaunchScreen.storyboard;
			sourceTree = "<group>";
		};
/* End PBXVariantGroup section */

/* Begin XCBuildConfiguration section */
		86C2D9DF2BDF45860073BBB3 /* Debug */ = {
			isa = XCBuildConfiguration;
			buildSettings = {
				ALWAYS_SEARCH_USER_PATHS = NO;
				ASSETCATALOG_COMPILER_GENERATE_SWIFT_ASSET_SYMBOL_EXTENSIONS = YES;
				CLANG_ANALYZER_NONNULL = YES;
				CLANG_ANALYZER_NUMBER_OBJECT_CONVERSION = YES_AGGRESSIVE;
				CLANG_CXX_LANGUAGE_STANDARD = "gnu++20";
				CLANG_ENABLE_MODULES = YES;
				CLANG_ENABLE_OBJC_ARC = YES;
				CLANG_ENABLE_OBJC_WEAK = YES;
				CLANG_WARN_BLOCK_CAPTURE_AUTORELEASING = YES;
				CLANG_WARN_BOOL_CONVERSION = YES;
				CLANG_WARN_COMMA = YES;
				CLANG_WARN_CONSTANT_CONVERSION = YES;
				CLANG_WARN_DEPRECATED_OBJC_IMPLEMENTATIONS = YES;
				CLANG_WARN_DIRECT_OBJC_ISA_USAGE = YES_ERROR;
				CLANG_WARN_DOCUMENTATION_COMMENTS = YES;
				CLANG_WARN_EMPTY_BODY = YES;
				CLANG_WARN_ENUM_CONVERSION = YES;
				CLANG_WARN_INFINITE_RECURSION = YES;
				CLANG_WARN_INT_CONVERSION = YES;
				CLANG_WARN_NON_LITERAL_NULL_CONVERSION = YES;
				CLANG_WARN_OBJC_IMPLICIT_RETAIN_SELF = YES;
				CLANG_WARN_OBJC_LITERAL_CONVERSION = YES;
				CLANG_WARN_OBJC_ROOT_CLASS = YES_ERROR;
				CLANG_WARN_QUOTED_INCLUDE_IN_FRAMEWORK_HEADER = YES;
				CLANG_WARN_RANGE_LOOP_ANALYSIS = YES;
				CLANG_WARN_STRICT_PROTOTYPES = YES;
				CLANG_WARN_SUSPICIOUS_MOVE = YES;
				CLANG_WARN_UNGUARDED_AVAILABILITY = YES_AGGRESSIVE;
				CLANG_WARN_UNREACHABLE_CODE = YES;
				CLANG_WARN__DUPLICATE_METHOD_MATCH = YES;
				COPY_PHASE_STRIP = NO;
				DEBUG_INFORMATION_FORMAT = dwarf;
				ENABLE_STRICT_OBJC_MSGSEND = YES;
				ENABLE_TESTABILITY = YES;
				ENABLE_USER_SCRIPT_SANDBOXING = YES;
				GCC_C_LANGUAGE_STANDARD = gnu17;
				GCC_DYNAMIC_NO_PIC = NO;
				GCC_NO_COMMON_BLOCKS = YES;
				GCC_OPTIMIZATION_LEVEL = 0;
				GCC_PREPROCESSOR_DEFINITIONS = (
					"DEBUG=1",
					"$(inherited)",
				);
				GCC_WARN_64_TO_32_BIT_CONVERSION = YES;
				GCC_WARN_ABOUT_RETURN_TYPE = YES_ERROR;
				GCC_WARN_UNDECLARED_SELECTOR = YES;
				GCC_WARN_UNINITIALIZED_AUTOS = YES_AGGRESSIVE;
				GCC_WARN_UNUSED_FUNCTION = YES;
				GCC_WARN_UNUSED_VARIABLE = YES;
				IPHONEOS_DEPLOYMENT_TARGET = 17.4;
				LOCALIZATION_PREFERS_STRING_CATALOGS = YES;
				MTL_ENABLE_DEBUG_INFO = INCLUDE_SOURCE;
				MTL_FAST_MATH = YES;
				ONLY_ACTIVE_ARCH = YES;
				SDKROOT = iphoneos;
				SWIFT_ACTIVE_COMPILATION_CONDITIONS = "DEBUG $(inherited)";
				SWIFT_OPTIMIZATION_LEVEL = "-Onone";
			};
			name = Debug;
		};
		86C2D9E02BDF45860073BBB3 /* Release */ = {
			isa = XCBuildConfiguration;
			buildSettings = {
				ALWAYS_SEARCH_USER_PATHS = NO;
				ASSETCATALOG_COMPILER_GENERATE_SWIFT_ASSET_SYMBOL_EXTENSIONS = YES;
				CLANG_ANALYZER_NONNULL = YES;
				CLANG_ANALYZER_NUMBER_OBJECT_CONVERSION = YES_AGGRESSIVE;
				CLANG_CXX_LANGUAGE_STANDARD = "gnu++20";
				CLANG_ENABLE_MODULES = YES;
				CLANG_ENABLE_OBJC_ARC = YES;
				CLANG_ENABLE_OBJC_WEAK = YES;
				CLANG_WARN_BLOCK_CAPTURE_AUTORELEASING = YES;
				CLANG_WARN_BOOL_CONVERSION = YES;
				CLANG_WARN_COMMA = YES;
				CLANG_WARN_CONSTANT_CONVERSION = YES;
				CLANG_WARN_DEPRECATED_OBJC_IMPLEMENTATIONS = YES;
				CLANG_WARN_DIRECT_OBJC_ISA_USAGE = YES_ERROR;
				CLANG_WARN_DOCUMENTATION_COMMENTS = YES;
				CLANG_WARN_EMPTY_BODY = YES;
				CLANG_WARN_ENUM_CONVERSION = YES;
				CLANG_WARN_INFINITE_RECURSION = YES;
				CLANG_WARN_INT_CONVERSION = YES;
				CLANG_WARN_NON_LITERAL_NULL_CONVERSION = YES;
				CLANG_WARN_OBJC_IMPLICIT_RETAIN_SELF = YES;
				CLANG_WARN_OBJC_LITERAL_CONVERSION = YES;
				CLANG_WARN_OBJC_ROOT_CLASS = YES_ERROR;
				CLANG_WARN_QUOTED_INCLUDE_IN_FRAMEWORK_HEADER = YES;
				CLANG_WARN_RANGE_LOOP_ANALYSIS = YES;
				CLANG_WARN_STRICT_PROTOTYPES = YES;
				CLANG_WARN_SUSPICIOUS_MOVE = YES;
				CLANG_WARN_UNGUARDED_AVAILABILITY = YES_AGGRESSIVE;
				CLANG_WARN_UNREACHABLE_CODE = YES;
				CLANG_WARN__DUPLICATE_METHOD_MATCH = YES;
				COPY_PHASE_STRIP = NO;
				DEBUG_INFORMATION_FORMAT = "dwarf-with-dsym";
				ENABLE_NS_ASSERTIONS = NO;
				ENABLE_STRICT_OBJC_MSGSEND = YES;
				ENABLE_USER_SCRIPT_SANDBOXING = YES;
				GCC_C_LANGUAGE_STANDARD = gnu17;
				GCC_NO_COMMON_BLOCKS = YES;
				GCC_WARN_64_TO_32_BIT_CONVERSION = YES;
				GCC_WARN_ABOUT_RETURN_TYPE = YES_ERROR;
				GCC_WARN_UNDECLARED_SELECTOR = YES;
				GCC_WARN_UNINITIALIZED_AUTOS = YES_AGGRESSIVE;
				GCC_WARN_UNUSED_FUNCTION = YES;
				GCC_WARN_UNUSED_VARIABLE = YES;
				IPHONEOS_DEPLOYMENT_TARGET = 17.4;
				LOCALIZATION_PREFERS_STRING_CATALOGS = YES;
				MTL_ENABLE_DEBUG_INFO = NO;
				MTL_FAST_MATH = YES;
				SDKROOT = iphoneos;
				SWIFT_COMPILATION_MODE = wholemodule;
				VALIDATE_PRODUCT = YES;
			};
			name = Release;
		};
		86C2D9E22BDF45860073BBB3 /* Debug */ = {
			isa = XCBuildConfiguration;
			buildSettings = {
				ASSETCATALOG_COMPILER_APPICON_NAME = AppIcon;
				ASSETCATALOG_COMPILER_GLOBAL_ACCENT_COLOR_NAME = AccentColor;
				CODE_SIGN_STYLE = Automatic;
				CURRENT_PROJECT_VERSION = 1;
				DEVELOPMENT_TEAM = 3KQ9N5F32S;
				GENERATE_INFOPLIST_FILE = YES;
				INFOPLIST_FILE = HW3/Info.plist;
				INFOPLIST_KEY_UIApplicationSupportsIndirectInputEvents = YES;
				INFOPLIST_KEY_UILaunchStoryboardName = LaunchScreen;
				INFOPLIST_KEY_UIMainStoryboardFile = Main;
				INFOPLIST_KEY_UISupportedInterfaceOrientations_iPad = "UIInterfaceOrientationPortrait UIInterfaceOrientationPortraitUpsideDown UIInterfaceOrientationLandscapeLeft UIInterfaceOrientationLandscapeRight";
				INFOPLIST_KEY_UISupportedInterfaceOrientations_iPhone = "UIInterfaceOrientationPortrait UIInterfaceOrientationLandscapeLeft UIInterfaceOrientationLandscapeRight";
				LD_RUNPATH_SEARCH_PATHS = (
					"$(inherited)",
					"@executable_path/Frameworks",
				);
				MARKETING_VERSION = 1.0;
				PRODUCT_BUNDLE_IDENTIFIER = "Aliia-Satbakova.HW3";
				PRODUCT_NAME = "$(TARGET_NAME)";
				SWIFT_EMIT_LOC_STRINGS = YES;
				SWIFT_VERSION = 5.0;
				TARGETED_DEVICE_FAMILY = "1,2";
			};
			name = Debug;
		};
		86C2D9E32BDF45860073BBB3 /* Release */ = {
			isa = XCBuildConfiguration;
			buildSettings = {
				ASSETCATALOG_COMPILER_APPICON_NAME = AppIcon;
				ASSETCATALOG_COMPILER_GLOBAL_ACCENT_COLOR_NAME = AccentColor;
				CODE_SIGN_STYLE = Automatic;
				CURRENT_PROJECT_VERSION = 1;
				DEVELOPMENT_TEAM = 3KQ9N5F32S;
				GENERATE_INFOPLIST_FILE = YES;
				INFOPLIST_FILE = HW3/Info.plist;
				INFOPLIST_KEY_UIApplicationSupportsIndirectInputEvents = YES;
				INFOPLIST_KEY_UILaunchStoryboardName = LaunchScreen;
				INFOPLIST_KEY_UIMainStoryboardFile = Main;
				INFOPLIST_KEY_UISupportedInterfaceOrientations_iPad = "UIInterfaceOrientationPortrait UIInterfaceOrientationPortraitUpsideDown UIInterfaceOrientationLandscapeLeft UIInterfaceOrientationLandscapeRight";
				INFOPLIST_KEY_UISupportedInterfaceOrientations_iPhone = "UIInterfaceOrientationPortrait UIInterfaceOrientationLandscapeLeft UIInterfaceOrientationLandscapeRight";
				LD_RUNPATH_SEARCH_PATHS = (
					"$(inherited)",
					"@executable_path/Frameworks",
				);
				MARKETING_VERSION = 1.0;
				PRODUCT_BUNDLE_IDENTIFIER = "Aliia-Satbakova.HW3";
				PRODUCT_NAME = "$(TARGET_NAME)";
				SWIFT_EMIT_LOC_STRINGS = YES;
				SWIFT_VERSION = 5.0;
				TARGETED_DEVICE_FAMILY = "1,2";
			};
			name = Release;
		};
/* End XCBuildConfiguration section */

/* Begin XCConfigurationList section */
		86C2D9C82BDF45840073BBB3 /* Build configuration list for PBXProject "HW3" */ = {
			isa = XCConfigurationList;
			buildConfigurations = (
				86C2D9DF2BDF45860073BBB3 /* Debug */,
				86C2D9E02BDF45860073BBB3 /* Release */,
			);
			defaultConfigurationIsVisible = 0;
			defaultConfigurationName = Release;
		};
		86C2D9E12BDF45860073BBB3 /* Build configuration list for PBXNativeTarget "HW3" */ = {
			isa = XCConfigurationList;
			buildConfigurations = (
				86C2D9E22BDF45860073BBB3 /* Debug */,
				86C2D9E32BDF45860073BBB3 /* Release */,
			);
			defaultConfigurationIsVisible = 0;
			defaultConfigurationName = Release;
		};
/* End XCConfigurationList section */
	};
	rootObject = 86C2D9C52BDF45840073BBB3 /* Project object */;
}
